
Microsoft Visual Studio Solution File, Format Version 12.00
# Visual Studio Version 16
VisualStudioVersion = 16.0.30320.27
MinimumVisualStudioVersion = 10.0.40219.1
Project("{2150E333-8FDC-42A3-9474-1A3956D46DE8}") = "01Development 基础设施层", "01Development 基础设施层", "{9995A288-A2B7-442A-AA04-D524576A24FE}"
EndProject
Project("{9A19103F-16F7-4668-BE54-9A1E7A4F7556}") = "Development.Util", "Development.Util\Development.Util.csproj", "{4AB80C8E-BFE9-496B-A5C4-39EBE62C227B}"
EndProject
Project("{2150E333-8FDC-42A3-9474-1A3956D46DE8}") = "02Development 核心数据层", "02Development 核心数据层", "{E9261001-FCEF-41DC-8B7A-295BF4527A65}"
EndProject
Project("{2150E333-8FDC-42A3-9474-1A3956D46DE8}") = "03Development 业务逻辑层", "03Development 业务逻辑层", "{99009487-4E48-469C-82BA-B670DFBC4FB6}"
EndProject
Project("{2150E333-8FDC-42A3-9474-1A3956D46DE8}") = "04Development 界面应用层", "04Development 界面应用层", "{433B99B0-649F-411C-A50C-C3E1F1FD9D3D}"
EndProject
Project("{FAE04EC0-301F-11D3-BF4B-00C04F79EFBC}") = "Development.CTL", "Development.Ctl\Development.CTL.csproj", "{701BE804-8B9A-4E1D-B4AF-429160792B91}"
EndProject
Project("{FAE04EC0-301F-11D3-BF4B-00C04F79EFBC}") = "Development.DBHelper", "Development.DBHelper\Development.DBHelper.csproj", "{46D55727-B1A0-4698-9CD2-663F4EB766B9}"
EndProject
Project("{FAE04EC0-301F-11D3-BF4B-00C04F79EFBC}") = "Development.AppSite", "Development.AppSite\Development.AppSite.csproj", "{6E266137-C66A-4242-AD1F-3AFA5A19B79C}"
EndProject
Global
	GlobalSection(SolutionConfigurationPlatforms) = preSolution
		Debug|Any CPU = Debug|Any CPU
		Release|Any CPU = Release|Any CPU
	EndGlobalSection
	GlobalSection(ProjectConfigurationPlatforms) = postSolution
		{4AB80C8E-BFE9-496B-A5C4-39EBE62C227B}.Debug|Any CPU.ActiveCfg = Debug|Any CPU
		{4AB80C8E-BFE9-496B-A5C4-39EBE62C227B}.Debug|Any CPU.Build.0 = Debug|Any CPU
		{4AB80C8E-BFE9-496B-A5C4-39EBE62C227B}.Release|Any CPU.ActiveCfg = Release|Any CPU
		{4AB80C8E-BFE9-496B-A5C4-39EBE62C227B}.Release|Any CPU.Build.0 = Release|Any CPU
		{701BE804-8B9A-4E1D-B4AF-429160792B91}.Debug|Any CPU.ActiveCfg = Debug|Any CPU
		{701BE804-8B9A-4E1D-B4AF-429160792B91}.Debug|Any CPU.Build.0 = Debug|Any CPU
		{701BE804-8B9A-4E1D-B4AF-429160792B91}.Release|Any CPU.ActiveCfg = Release|Any CPU
		{701BE804-8B9A-4E1D-B4AF-429160792B91}.Release|Any CPU.Build.0 = Release|Any CPU
		{46D55727-B1A0-4698-9CD2-663F4EB766B9}.Debug|Any CPU.ActiveCfg = Debug|Any CPU
		{46D55727-B1A0-4698-9CD2-663F4EB766B9}.Debug|Any CPU.Build.0 = Debug|Any CPU
		{46D55727-B1A0-4698-9CD2-663F4EB766B9}.Release|Any CPU.ActiveCfg = Release|Any CPU
		{46D55727-B1A0-4698-9CD2-663F4EB766B9}.Release|Any CPU.Build.0 = Release|Any CPU
		{6E266137-C66A-4242-AD1F-3AFA5A19B79C}.Debug|Any CPU.ActiveCfg = Debug|Any CPU
		{6E266137-C66A-4242-AD1F-3AFA5A19B79C}.Debug|Any CPU.Build.0 = Debug|Any CPU
		{6E266137-C66A-4242-AD1F-3AFA5A19B79C}.Release|Any CPU.ActiveCfg = Release|Any CPU
		{6E266137-C66A-4242-AD1F-3AFA5A19B79C}.Release|Any CPU.Build.0 = Release|Any CPU
	EndGlobalSection
	GlobalSection(SolutionProperties) = preSolution
		HideSolutionNode = FALSE
	EndGlobalSection
	GlobalSection(NestedProjects) = preSolution
		{4AB80C8E-BFE9-496B-A5C4-39EBE62C227B} = {9995A288-A2B7-442A-AA04-D524576A24FE}
		{701BE804-8B9A-4E1D-B4AF-429160792B91} = {99009487-4E48-469C-82BA-B670DFBC4FB6}
		{46D55727-B1A0-4698-9CD2-663F4EB766B9} = {E9261001-FCEF-41DC-8B7A-295BF4527A65}
		{6E266137-C66A-4242-AD1F-3AFA5A19B79C} = {433B99B0-649F-411C-A50C-C3E1F1FD9D3D}
	EndGlobalSection
	GlobalSection(ExtensibilityGlobals) = postSolution
		SolutionGuid = {3F73D811-C060-470B-B0CD-FBAAB6E02342}
	EndGlobalSection
EndGlobal
